
Microsoft Visual Studio Solution File, Format Version 12.00
# Visual Studio 15
VisualStudioVersion = 15.0.26621.2
MinimumVisualStudioVersion = 10.0.40219.1
Project("{FAE04EC0-301F-11D3-BF4B-00C04F79EFBC}") = "MyBikes.Web", "src\MyBikes.Web\MyBikes.Web.csproj", "{84952F58-05C5-4ED5-8ECF-8F0D77F25D76}"
EndProject
Project("{FAE04EC0-301F-11D3-BF4B-00C04F79EFBC}") = "MyBikes.DomainLogic", "src\MyBikes.DomainLogic\MyBikes.DomainLogic.csproj", "{C51B1DE4-DE98-47CF-A02F-486B2EB6F50A}"
EndProject
Project("{FAE04EC0-301F-11D3-BF4B-00C04F79EFBC}") = "MyBikes.DomainLogic.Tests", "src\MyBikes.DomainLogic.Tests\MyBikes.DomainLogic.Tests.csproj", "{B71D3D9C-60C1-4B61-9238-2E2D301279D9}"
EndProject
Project("{FAE04EC0-301F-11D3-BF4B-00C04F79EFBC}") = "ReportGenerationLib", "src\BikeSharing.ReportGenerationLib\ReportGenerationLib.csproj", "{737618C7-332F-46E8-83CC-0AF69C20047F}"
EndProject
Project("{FAE04EC0-301F-11D3-BF4B-00C04F79EFBC}") = "ReportGenerationLib.UnitTests", "src\BikeSharing.ReportGenerationLib.UnitTests\ReportGenerationLib.UnitTests.csproj", "{0973E8B5-6605-40A0-83C7-8C47EF8343E9}"
EndProject
Project("{FAE04EC0-301F-11D3-BF4B-00C04F79EFBC}") = "BikeSharing.AutomatedTests", "src\BikeSharing.AutomatedTests\BikeSharing.AutomatedTests.csproj", "{9ED2913B-2982-46D1-8E46-8622BFC90640}"
EndProject
Project("{151D2E53-A2C4-4D7D-83FE-D05416EBD58E}") = "MyBikes.Infrastructure", "src\MyBikes.Infrastructure\MyBikes.Infrastructure.deployproj", "{3D403791-535A-4612-BB51-B34EB930D44D}"
EndProject
Global
	GlobalSection(SolutionConfigurationPlatforms) = preSolution
		Debug|Any CPU = Debug|Any CPU
		Release|Any CPU = Release|Any CPU
	EndGlobalSection
	GlobalSection(ProjectConfigurationPlatforms) = postSolution
		{84952F58-05C5-4ED5-8ECF-8F0D77F25D76}.Debug|Any CPU.ActiveCfg = Debug|Any CPU
		{84952F58-05C5-4ED5-8ECF-8F0D77F25D76}.Debug|Any CPU.Build.0 = Debug|Any CPU
		{84952F58-05C5-4ED5-8ECF-8F0D77F25D76}.Release|Any CPU.ActiveCfg = Release|Any CPU
		{84952F58-05C5-4ED5-8ECF-8F0D77F25D76}.Release|Any CPU.Build.0 = Release|Any CPU
		{C51B1DE4-DE98-47CF-A02F-486B2EB6F50A}.Debug|Any CPU.ActiveCfg = Debug|Any CPU
		{C51B1DE4-DE98-47CF-A02F-486B2EB6F50A}.Debug|Any CPU.Build.0 = Debug|Any CPU
		{C51B1DE4-DE98-47CF-A02F-486B2EB6F50A}.Release|Any CPU.ActiveCfg = Release|Any CPU
		{C51B1DE4-DE98-47CF-A02F-486B2EB6F50A}.Release|Any CPU.Build.0 = Release|Any CPU
		{B71D3D9C-60C1-4B61-9238-2E2D301279D9}.Debug|Any CPU.ActiveCfg = Debug|Any CPU
		{B71D3D9C-60C1-4B61-9238-2E2D301279D9}.Debug|Any CPU.Build.0 = Debug|Any CPU
		{B71D3D9C-60C1-4B61-9238-2E2D301279D9}.Release|Any CPU.ActiveCfg = Release|Any CPU
		{B71D3D9C-60C1-4B61-9238-2E2D301279D9}.Release|Any CPU.Build.0 = Release|Any CPU
		{737618C7-332F-46E8-83CC-0AF69C20047F}.Debug|Any CPU.ActiveCfg = Debug|Any CPU
		{737618C7-332F-46E8-83CC-0AF69C20047F}.Debug|Any CPU.Build.0 = Debug|Any CPU
		{737618C7-332F-46E8-83CC-0AF69C20047F}.Release|Any CPU.ActiveCfg = Release|Any CPU
		{737618C7-332F-46E8-83CC-0AF69C20047F}.Release|Any CPU.Build.0 = Release|Any CPU
		{0973E8B5-6605-40A0-83C7-8C47EF8343E9}.Debug|Any CPU.ActiveCfg = Debug|Any CPU
		{0973E8B5-6605-40A0-83C7-8C47EF8343E9}.Debug|Any CPU.Build.0 = Debug|Any CPU
		{0973E8B5-6605-40A0-83C7-8C47EF8343E9}.Release|Any CPU.ActiveCfg = Release|Any CPU
		{0973E8B5-6605-40A0-83C7-8C47EF8343E9}.Release|Any CPU.Build.0 = Release|Any CPU
		{9ED2913B-2982-46D1-8E46-8622BFC90640}.Debug|Any CPU.ActiveCfg = Debug|Any CPU
		{9ED2913B-2982-46D1-8E46-8622BFC90640}.Debug|Any CPU.Build.0 = Debug|Any CPU
		{9ED2913B-2982-46D1-8E46-8622BFC90640}.Release|Any CPU.ActiveCfg = Release|Any CPU
		{9ED2913B-2982-46D1-8E46-8622BFC90640}.Release|Any CPU.Build.0 = Release|Any CPU
		{3D403791-535A-4612-BB51-B34EB930D44D}.Debug|Any CPU.ActiveCfg = Debug|Any CPU
		{3D403791-535A-4612-BB51-B34EB930D44D}.Debug|Any CPU.Build.0 = Debug|Any CPU
		{3D403791-535A-4612-BB51-B34EB930D44D}.Release|Any CPU.ActiveCfg = Release|Any CPU
		{3D403791-535A-4612-BB51-B34EB930D44D}.Release|Any CPU.Build.0 = Release|Any CPU
	EndGlobalSection
	GlobalSection(SolutionProperties) = preSolution
		HideSolutionNode = FALSE
	EndGlobalSection
	GlobalSection(ExtensibilityGlobals) = postSolution
		SolutionGuid = {2CA105AA-0C7F-4515-8012-33D5665993C6}
	EndGlobalSection
EndGlobal
